Microsoft Visual Studio Solution File, Format Version 8.00
Project("{8BC9CEB8-8B4A-11D0-8D11-00A0C91BC942}") = "threads4", "threads4.vcproj", "{8762C078-E9F2-4B5A-8694-202FB0497962}"
	ProjectSection(ProjectDependencies) = postProject
	EndProjectSection
EndProject
Global
	GlobalSection(SolutionConfiguration) = preSolution
		Debug = Debug
		Release = Release
	EndGlobalSection
	GlobalSection(ProjectConfiguration) = postSolution
		{8762C078-E9F2-4B5A-8694-202FB0497962}.Debug.ActiveCfg = Debug|Win32
		{8762C078-E9F2-4B5A-8694-202FB0497962}.Debug.Build.0 = Debug|Win32
		{8762C078-E9F2-4B5A-8694-202FB0497962}.Release.ActiveCfg = Release|Win32
		{8762C078-E9F2-4B5A-8694-202FB0497962}.Release.Build.0 = Release|Win32
	EndGlobalSection
	GlobalSection(ExtensibilityGlobals) = postSolution
	EndGlobalSection
	GlobalSection(ExtensibilityAddIns) = postSolution
	EndGlobalSection
EndGlobal
