Microsoft Visual Studio Solution File, Format Version 7.00
Project("{8BC9CEB8-8B4A-11D0-8D11-00A0C91BC942}") = "WhileLoop", "WhileLoop.vcproj", "{85FAED84-5DA8-419D-8FBA-1A3593AFEF9F}"
EndProject
Global
	GlobalSection(SolutionConfiguration) = preSolution
		ConfigName.0 = Debug
		ConfigName.1 = Release
	EndGlobalSection
	GlobalSection(ProjectDependencies) = postSolution
	EndGlobalSection
	GlobalSection(ProjectConfiguration) = postSolution
		{85FAED84-5DA8-419D-8FBA-1A3593AFEF9F}.Debug.ActiveCfg = Debug|Win32
		{85FAED84-5DA8-419D-8FBA-1A3593AFEF9F}.Debug.Build.0 = Debug|Win32
		{85FAED84-5DA8-419D-8FBA-1A3593AFEF9F}.Release.ActiveCfg = Release|Win32
		{85FAED84-5DA8-419D-8FBA-1A3593AFEF9F}.Release.Build.0 = Release|Win32
	EndGlobalSection
	GlobalSection(ExtensibilityGlobals) = postSolution
	EndGlobalSection
	GlobalSection(ExtensibilityAddIns) = postSolution
	EndGlobalSection
EndGlobal
