Microsoft Visual Studio Solution File, Format Version 8.00
Project("{8BC9CEB8-8B4A-11D0-8D11-00A0C91BC942}") = "ASE Loader", "ASE Loader.vcproj", "{DB3F1F12-0258-4380-9BD2-6211EE88382A}"
	ProjectSection(ProjectDependencies) = postProject
	EndProjectSection
EndProject
Global
	GlobalSection(SolutionConfiguration) = preSolution
		Debug = Debug
		Release = Release
	EndGlobalSection
	GlobalSection(ProjectConfiguration) = postSolution
		{DB3F1F12-0258-4380-9BD2-6211EE88382A}.Debug.ActiveCfg = Debug|Win32
		{DB3F1F12-0258-4380-9BD2-6211EE88382A}.Debug.Build.0 = Debug|Win32
		{DB3F1F12-0258-4380-9BD2-6211EE88382A}.Release.ActiveCfg = Release|Win32
		{DB3F1F12-0258-4380-9BD2-6211EE88382A}.Release.Build.0 = Release|Win32
	EndGlobalSection
	GlobalSection(ExtensibilityGlobals) = postSolution
	EndGlobalSection
	GlobalSection(ExtensibilityAddIns) = postSolution
	EndGlobalSection
EndGlobal
