Microsoft Visual Studio Solution File, Format Version 10.00
# Visual Studio 2008
Project("{8BC9CEB8-8B4A-11D0-8D11-00A0C91BC942}") = "ColorText", "ColorText.vcproj", "{60EA837C-2388-4156-8838-6B89F0E37987}"
EndProject
Global
	GlobalSection(SolutionConfigurationPlatforms) = preSolution
		Debug|Win32 = Debug|Win32
		Release|Win32 = Release|Win32
	EndGlobalSection
	GlobalSection(ProjectConfigurationPlatforms) = postSolution
		{60EA837C-2388-4156-8838-6B89F0E37987}.Debug|Win32.ActiveCfg = Debug|Win32
		{60EA837C-2388-4156-8838-6B89F0E37987}.Debug|Win32.Build.0 = Debug|Win32
		{60EA837C-2388-4156-8838-6B89F0E37987}.Release|Win32.ActiveCfg = Release|Win32
		{60EA837C-2388-4156-8838-6B89F0E37987}.Release|Win32.Build.0 = Release|Win32
	EndGlobalSection
	GlobalSection(SolutionProperties) = preSolution
		HideSolutionNode = FALSE
	EndGlobalSection
EndGlobal
