Microsoft Visual Studio Solution File, Format Version 8.00
Project("{8BC9CEB8-8B4A-11D0-8D11-00A0C91BC942}") = "MoveMan", "MoveMan.vcproj", "{A5752F02-EECD-4D11-8180-BE904DABFE36}"
	ProjectSection(ProjectDependencies) = postProject
	EndProjectSection
EndProject
Global
	GlobalSection(SolutionConfiguration) = preSolution
		Debug = Debug
		Release = Release
	EndGlobalSection
	GlobalSection(ProjectConfiguration) = postSolution
		{A5752F02-EECD-4D11-8180-BE904DABFE36}.Debug.ActiveCfg = Debug|Win32
		{A5752F02-EECD-4D11-8180-BE904DABFE36}.Debug.Build.0 = Debug|Win32
		{A5752F02-EECD-4D11-8180-BE904DABFE36}.Release.ActiveCfg = Release|Win32
		{A5752F02-EECD-4D11-8180-BE904DABFE36}.Release.Build.0 = Release|Win32
	EndGlobalSection
	GlobalSection(ExtensibilityGlobals) = postSolution
	EndGlobalSection
	GlobalSection(ExtensibilityAddIns) = postSolution
	EndGlobalSection
EndGlobal
