Microsoft Visual Studio Solution File, Format Version 8.00
Project("{8BC9CEB8-8B4A-11D0-8D11-00A0C91BC942}") = "Macros", "Macros.vcproj", "{C76C0C4F-D379-49D1-83E1-3CFC02C9581D}"
	ProjectSection(ProjectDependencies) = postProject
	EndProjectSection
EndProject
Global
	GlobalSection(SolutionConfiguration) = preSolution
		Debug = Debug
		Release = Release
	EndGlobalSection
	GlobalSection(ProjectConfiguration) = postSolution
		{C76C0C4F-D379-49D1-83E1-3CFC02C9581D}.Debug.ActiveCfg = Debug|Win32
		{C76C0C4F-D379-49D1-83E1-3CFC02C9581D}.Debug.Build.0 = Debug|Win32
		{C76C0C4F-D379-49D1-83E1-3CFC02C9581D}.Release.ActiveCfg = Release|Win32
		{C76C0C4F-D379-49D1-83E1-3CFC02C9581D}.Release.Build.0 = Release|Win32
	EndGlobalSection
	GlobalSection(ExtensibilityGlobals) = postSolution
	EndGlobalSection
	GlobalSection(ExtensibilityAddIns) = postSolution
	EndGlobalSection
EndGlobal
