Microsoft Visual Studio Solution File, Format Version 8.00
Project("{8BC9CEB8-8B4A-11D0-8D11-00A0C91BC942}") = "Quaternions", "Quaternions.vcproj", "{A04628B7-FCCC-437E-9BCE-98EC2751F58E}"
	ProjectSection(ProjectDependencies) = postProject
	EndProjectSection
EndProject
Global
	GlobalSection(SolutionConfiguration) = preSolution
		Debug = Debug
		Release = Release
	EndGlobalSection
	GlobalSection(ProjectConfiguration) = postSolution
		{A04628B7-FCCC-437E-9BCE-98EC2751F58E}.Debug.ActiveCfg = Debug|Win32
		{A04628B7-FCCC-437E-9BCE-98EC2751F58E}.Debug.Build.0 = Debug|Win32
		{A04628B7-FCCC-437E-9BCE-98EC2751F58E}.Release.ActiveCfg = Release|Win32
		{A04628B7-FCCC-437E-9BCE-98EC2751F58E}.Release.Build.0 = Release|Win32
	EndGlobalSection
	GlobalSection(ExtensibilityGlobals) = postSolution
	EndGlobalSection
	GlobalSection(ExtensibilityAddIns) = postSolution
	EndGlobalSection
EndGlobal
