Microsoft Visual Studio Solution File, Format Version 8.00
Project("{8BC9CEB8-8B4A-11D0-8D11-00A0C91BC942}") = "ColorText", "ColorText.vcproj", "{4FEF1E3B-F665-49FA-87A8-49E1F81F0B1A}"
	ProjectSection(ProjectDependencies) = postProject
	EndProjectSection
EndProject
Global
	GlobalSection(SolutionConfiguration) = preSolution
		Debug = Debug
		Release = Release
	EndGlobalSection
	GlobalSection(ProjectConfiguration) = postSolution
		{4FEF1E3B-F665-49FA-87A8-49E1F81F0B1A}.Debug.ActiveCfg = Debug|Win32
		{4FEF1E3B-F665-49FA-87A8-49E1F81F0B1A}.Debug.Build.0 = Debug|Win32
		{4FEF1E3B-F665-49FA-87A8-49E1F81F0B1A}.Release.ActiveCfg = Release|Win32
		{4FEF1E3B-F665-49FA-87A8-49E1F81F0B1A}.Release.Build.0 = Release|Win32
	EndGlobalSection
	GlobalSection(ExtensibilityGlobals) = postSolution
	EndGlobalSection
	GlobalSection(ExtensibilityAddIns) = postSolution
	EndGlobalSection
EndGlobal
