Microsoft Visual Studio Solution File, Format Version 8.00
Project("{8BC9CEB8-8B4A-11D0-8D11-00A0C91BC942}") = "threads2", "threads2.vcproj", "{4DA86F5D-AE1B-4F77-BBF5-1DE37291A09B}"
	ProjectSection(ProjectDependencies) = postProject
	EndProjectSection
EndProject
Global
	GlobalSection(SolutionConfiguration) = preSolution
		Debug = Debug
		Release = Release
	EndGlobalSection
	GlobalSection(ProjectConfiguration) = postSolution
		{4DA86F5D-AE1B-4F77-BBF5-1DE37291A09B}.Debug.ActiveCfg = Debug|Win32
		{4DA86F5D-AE1B-4F77-BBF5-1DE37291A09B}.Debug.Build.0 = Debug|Win32
		{4DA86F5D-AE1B-4F77-BBF5-1DE37291A09B}.Release.ActiveCfg = Release|Win32
		{4DA86F5D-AE1B-4F77-BBF5-1DE37291A09B}.Release.Build.0 = Release|Win32
	EndGlobalSection
	GlobalSection(ExtensibilityGlobals) = postSolution
	EndGlobalSection
	GlobalSection(ExtensibilityAddIns) = postSolution
	EndGlobalSection
EndGlobal
