Microsoft Visual Studio Solution File, Format Version 8.00
Project("{8BC9CEB8-8B4A-11D0-8D11-00A0C91BC942}") = "Structures", "Structures.vcproj", "{D9C67C63-4F3D-4EEB-870E-4A8A5D5A9CBB}"
	ProjectSection(ProjectDependencies) = postProject
	EndProjectSection
EndProject
Global
	GlobalSection(SolutionConfiguration) = preSolution
		Debug = Debug
		Release = Release
	EndGlobalSection
	GlobalSection(ProjectConfiguration) = postSolution
		{D9C67C63-4F3D-4EEB-870E-4A8A5D5A9CBB}.Debug.ActiveCfg = Debug|Win32
		{D9C67C63-4F3D-4EEB-870E-4A8A5D5A9CBB}.Debug.Build.0 = Debug|Win32
		{D9C67C63-4F3D-4EEB-870E-4A8A5D5A9CBB}.Release.ActiveCfg = Release|Win32
		{D9C67C63-4F3D-4EEB-870E-4A8A5D5A9CBB}.Release.Build.0 = Release|Win32
	EndGlobalSection
	GlobalSection(ExtensibilityGlobals) = postSolution
	EndGlobalSection
	GlobalSection(ExtensibilityAddIns) = postSolution
	EndGlobalSection
EndGlobal
